
Microsoft Visual Studio Solution File, Format Version 12.00
# Visual Studio Version 16
VisualStudioVersion = 16.0.32002.261
MinimumVisualStudioVersion = 10.0.40219.1
Project("{FAE04EC0-301F-11D3-BF4B-00C04F79EFBC}") = "WepApiGYF", "WepApiGYF\WepApiGYF.csproj", "{37210D9A-FF7D-4408-98BD-3841C3E9D0F4}"
EndProject
Project("{FAE04EC0-301F-11D3-BF4B-00C04F79EFBC}") = "BussinessGYF", "BussinessGYF\BussinessGYF.csproj", "{B720FFA3-D897-44E0-9FD9-B1483ED20439}"
EndProject
Project("{FAE04EC0-301F-11D3-BF4B-00C04F79EFBC}") = "DataAccessGYF", "DataAccessGYF\DataAccessGYF.csproj", "{90658601-3516-4EDF-8644-0224C1730EB2}"
EndProject
Global
	GlobalSection(SolutionConfigurationPlatforms) = preSolution
		Debug|Any CPU = Debug|Any CPU
		Release|Any CPU = Release|Any CPU
	EndGlobalSection
	GlobalSection(ProjectConfigurationPlatforms) = postSolution
		{37210D9A-FF7D-4408-98BD-3841C3E9D0F4}.Debug|Any CPU.ActiveCfg = Debug|Any CPU
		{37210D9A-FF7D-4408-98BD-3841C3E9D0F4}.Debug|Any CPU.Build.0 = Debug|Any CPU
		{37210D9A-FF7D-4408-98BD-3841C3E9D0F4}.Release|Any CPU.ActiveCfg = Release|Any CPU
		{37210D9A-FF7D-4408-98BD-3841C3E9D0F4}.Release|Any CPU.Build.0 = Release|Any CPU
		{B720FFA3-D897-44E0-9FD9-B1483ED20439}.Debug|Any CPU.ActiveCfg = Debug|Any CPU
		{B720FFA3-D897-44E0-9FD9-B1483ED20439}.Debug|Any CPU.Build.0 = Debug|Any CPU
		{B720FFA3-D897-44E0-9FD9-B1483ED20439}.Release|Any CPU.ActiveCfg = Release|Any CPU
		{B720FFA3-D897-44E0-9FD9-B1483ED20439}.Release|Any CPU.Build.0 = Release|Any CPU
		{90658601-3516-4EDF-8644-0224C1730EB2}.Debug|Any CPU.ActiveCfg = Debug|Any CPU
		{90658601-3516-4EDF-8644-0224C1730EB2}.Debug|Any CPU.Build.0 = Debug|Any CPU
		{90658601-3516-4EDF-8644-0224C1730EB2}.Release|Any CPU.ActiveCfg = Release|Any CPU
		{90658601-3516-4EDF-8644-0224C1730EB2}.Release|Any CPU.Build.0 = Release|Any CPU
	EndGlobalSection
	GlobalSection(SolutionProperties) = preSolution
		HideSolutionNode = FALSE
	EndGlobalSection
	GlobalSection(ExtensibilityGlobals) = postSolution
		SolutionGuid = {542BC6BA-5946-48C6-A1D4-1B8448FC6109}
	EndGlobalSection
EndGlobal
